{
  "name": "explorer",
  "version": "0.1.0",
  "lockfileVersion": 1,
  "requires": true,
  "dependencies": {
    "@rails/actioncable": {
      "version": "6.0.1",
      "resolved": "https://registry.npmjs.org/@rails/actioncable/-/actioncable-6.0.1.tgz",
      "integrity": "sha512-JTOPnusNMuZjmJGoyL+IWrwGxP5UwqiffJYBHkhipIbVRSUN6RYjUspShshmRsRziSD2bQywKePPRR5pl1HXXg=="
    },
    "@rails/activestorage": {
      "version": "6.0.1",
      "resolved": "https://registry.npmjs.org/@rails/activestorage/-/activestorage-6.0.1.tgz",
      "integrity": "sha512-g4erBXADaKr/bjktnGcCnTMX0fsruOUp7FI+TuALWpRdI4UpAwAGbuaiTkthAfUW2tTjY/ABaZLTEdMnPb1Cfw==",
      "requires": {
        "spark-md5": "^3.0.0"
      }
    },
    "@rails/ujs": {
      "version": "6.0.1",
      "resolved": "https://registry.npmjs.org/@rails/ujs/-/ujs-6.0.1.tgz",
      "integrity": "sha512-IwUGMGke2u5W/hkJLOSU5xcQT3Y0gjIdiEsG27kHyLvsPOzdABKeAD8l37j6romhzeCmM56Wv52OGqSueUmyig=="
    },
    "spark-md5": {
      "version": "3.0.0",
      "resolved": "https://registry.npmjs.org/spark-md5/-/spark-md5-3.0.0.tgz",
      "integrity": "sha1-NyIifFTi+vJLHcbZM8wUTm9xv+8="
    },
    "turbolinks": {
      "version": "5.2.0",
      "resolved": "https://registry.npmjs.org/turbolinks/-/turbolinks-5.2.0.tgz",
      "integrity": "sha512-pMiez3tyBo6uRHFNNZoYMmrES/IaGgMhQQM+VFF36keryjb5ms0XkVpmKHkfW/4Vy96qiGW3K9bz0tF5sK9bBw=="
    }
  }
}
